// !$*UTF8*$!
{
	archiveVersion = 1;
	classes = {
	};
	objectVersion = 50;
	objects = {

/* Begin PBXBuildFile section */
		AC26BBD2C73ECEBCA93EA1F6 /* Pods_newTableTimeApp.framework in Frameworks */ = {isa = PBXBuildFile; fileRef = 0892447B13629D350918F328 /* Pods_newTableTimeApp.framework */; };
		B61585C922BE607B009FFA0E /* CommentViewController.swift in Sources */ = {isa = PBXBuildFile; fileRef = B61585C822BE607B009FFA0E /* CommentViewController.swift */; };
		B61585CB22BE6C1D009FFA0E /* Helper.swift in Sources */ = {isa = PBXBuildFile; fileRef = B61585CA22BE6C1D009FFA0E /* Helper.swift */; };
		B61585D122BF520E009FFA0E /* CommentCellViewController.swift in Sources */ = {isa = PBXBuildFile; fileRef = B61585D022BF520E009FFA0E /* CommentCellViewController.swift */; };
		B61585D322BF5D19009FFA0E /* Settings.bundle in Resources */ = {isa = PBXBuildFile; fileRef = B61585D222BF5D19009FFA0E /* Settings.bundle */; };
		B61585D522C09C69009FFA0E /* Assets.xcassets in Resources */ = {isa = PBXBuildFile; fileRef = B61585D422C09C69009FFA0E /* Assets.xcassets */; };
		B61585D722C0C704009FFA0E /* CommentMakeViewController.swift in Sources */ = {isa = PBXBuildFile; fileRef = B61585D622C0C704009FFA0E /* CommentMakeViewController.swift */; };
		B61585D922C104B6009FFA0E /* comment.json in Resources */ = {isa = PBXBuildFile; fileRef = B61585D822C104B6009FFA0E /* comment.json */; };
		B61DA05B22ABE5C300C875D8 /* AppDelegate.swift in Sources */ = {isa = PBXBuildFile; fileRef = B61DA05A22ABE5C300C875D8 /* AppDelegate.swift */; };
		B61DA05D22ABE5C400C875D8 /* ViewController.swift in Sources */ = {isa = PBXBuildFile; fileRef = B61DA05C22ABE5C400C875D8 /* ViewController.swift */; };
		B61DA06022ABE5C400C875D8 /* Main.storyboard in Resources */ = {isa = PBXBuildFile; fileRef = B61DA05E22ABE5C400C875D8 /* Main.storyboard */; };
		B61DA06522ABE5C500C875D8 /* LaunchScreen.storyboard in Resources */ = {isa = PBXBuildFile; fileRef = B61DA06322ABE5C500C875D8 /* LaunchScreen.storyboard */; };
		B61DA07922AC00E600C875D8 /* StartViewController.swift in Sources */ = {isa = PBXBuildFile; fileRef = B61DA07822AC00E600C875D8 /* StartViewController.swift */; };
		B61DA07B22AC011700C875D8 /* start.mov in Resources */ = {isa = PBXBuildFile; fileRef = B61DA07A22AC011700C875D8 /* start.mov */; };
		B61DA08122ACBE6B00C875D8 /* select.json in Resources */ = {isa = PBXBuildFile; fileRef = B61DA07C22ACBE6A00C875D8 /* select.json */; };
		B61DA08322ACBE6B00C875D8 /* app.json in Resources */ = {isa = PBXBuildFile; fileRef = B61DA07E22ACBE6A00C875D8 /* app.json */; };
		B61DA08422ACBE6B00C875D8 /* use.json in Resources */ = {isa = PBXBuildFile; fileRef = B61DA07F22ACBE6A00C875D8 /* use.json */; };
		B61DA08522ACBE6B00C875D8 /* busy.json in Resources */ = {isa = PBXBuildFile; fileRef = B61DA08022ACBE6A00C875D8 /* busy.json */; };
		B61DA08922ACC0F200C875D8 /* schedule.json in Resources */ = {isa = PBXBuildFile; fileRef = B61DA08822ACC0F200C875D8 /* schedule.json */; };
		B61DA08B22ACC27E00C875D8 /* TimeTableViewController.swift in Sources */ = {isa = PBXBuildFile; fileRef = B61DA08A22ACC27E00C875D8 /* TimeTableViewController.swift */; };
		B63EB36322B6179400960DF9 /* ConfigViewController.swift in Sources */ = {isa = PBXBuildFile; fileRef = B63EB36222B6179400960DF9 /* ConfigViewController.swift */; };
		B6ADD2F522C6481800F8B92B /* TodoListTableViewController.swift in Sources */ = {isa = PBXBuildFile; fileRef = B6ADD2F422C6481800F8B92B /* TodoListTableViewController.swift */; };
		B6ADD2F722C716B600F8B92B /* tabBarController.swift in Sources */ = {isa = PBXBuildFile; fileRef = B6ADD2F622C716B600F8B92B /* tabBarController.swift */; };
		B6B1562222B28B7600287149 /* CellViewController.swift in Sources */ = {isa = PBXBuildFile; fileRef = B6B1562122B28B7600287149 /* CellViewController.swift */; };
/* End PBXBuildFile section */

/* Begin PBXFileReference section */
		0892447B13629D350918F328 /* Pods_newTableTimeApp.framework */ = {isa = PBXFileReference; explicitFileType = wrapper.framework; includeInIndex = 0; path = Pods_newTableTimeApp.framework; sourceTree = BUILT_PRODUCTS_DIR; };
		84B8C5CCED2FE88224E7D045 /* Pods-newTableTimeApp.debug.xcconfig */ = {isa = PBXFileReference; includeInIndex = 1; lastKnownFileType = text.xcconfig; name = "Pods-newTableTimeApp.debug.xcconfig"; path = "Target Support Files/Pods-newTableTimeApp/Pods-newTableTimeApp.debug.xcconfig"; sourceTree = "<group>"; };
		9D02FB453E60D61DB330DC7C /* Pods-newTableTimeApp.release.xcconfig */ = {isa = PBXFileReference; includeInIndex = 1; lastKnownFileType = text.xcconfig; name = "Pods-newTableTimeApp.release.xcconfig"; path = "Target Support Files/Pods-newTableTimeApp/Pods-newTableTimeApp.release.xcconfig"; sourceTree = "<group>"; };
		B61585C822BE607B009FFA0E /* CommentViewController.swift */ = {isa = PBXFileReference; lastKnownFileType = sourcecode.swift; path = CommentViewController.swift; sourceTree = "<group>"; };
		B61585CA22BE6C1D009FFA0E /* Helper.swift */ = {isa = PBXFileReference; lastKnownFileType = sourcecode.swift; path = Helper.swift; sourceTree = "<group>"; };
		B61585D022BF520E009FFA0E /* CommentCellViewController.swift */ = {isa = PBXFileReference; lastKnownFileType = sourcecode.swift; path = CommentCellViewController.swift; sourceTree = "<group>"; };
		B61585D222BF5D19009FFA0E /* Settings.bundle */ = {isa = PBXFileReference; lastKnownFileType = "wrapper.plug-in"; path = Settings.bundle; sourceTree = "<group>"; };
		B61585D422C09C69009FFA0E /* Assets.xcassets */ = {isa = PBXFileReference; lastKnownFileType = folder.assetcatalog; path = Assets.xcassets; sourceTree = "<group>"; };
		B61585D622C0C704009FFA0E /* CommentMakeViewController.swift */ = {isa = PBXFileReference; lastKnownFileType = sourcecode.swift; path = CommentMakeViewController.swift; sourceTree = "<group>"; };
		B61585D822C104B6009FFA0E /* comment.json */ = {isa = PBXFileReference; fileEncoding = 4; lastKnownFileType = text.json; path = comment.json; sourceTree = "<group>"; };
		B61DA05722ABE5C300C875D8 /* newTableTimeApp.app */ = {isa = PBXFileReference; explicitFileType = wrapper.application; includeInIndex = 0; path = newTableTimeApp.app; sourceTree = BUILT_PRODUCTS_DIR; };
		B61DA05A22ABE5C300C875D8 /* AppDelegate.swift */ = {isa = PBXFileReference; lastKnownFileType = sourcecode.swift; path = AppDelegate.swift; sourceTree = "<group>"; };
		B61DA05C22ABE5C400C875D8 /* ViewController.swift */ = {isa = PBXFileReference; lastKnownFileType = sourcecode.swift; path = ViewController.swift; sourceTree = "<group>"; };
		B61DA05F22ABE5C400C875D8 /* Base */ = {isa = PBXFileReference; lastKnownFileType = file.storyboard; name = Base; path = Base.lproj/Main.storyboard; sourceTree = "<group>"; };
		B61DA06422ABE5C500C875D8 /* Base */ = {isa = PBXFileReference; lastKnownFileType = file.storyboard; name = Base; path = Base.lproj/LaunchScreen.storyboard; sourceTree = "<group>"; };
		B61DA06622ABE5C500C875D8 /* Info.plist */ = {isa = PBXFileReference; lastKnownFileType = text.plist.xml; path = Info.plist; sourceTree = "<group>"; };
		B61DA07822AC00E600C875D8 /* StartViewController.swift */ = {isa = PBXFileReference; lastKnownFileType = sourcecode.swift; path = StartViewController.swift; sourceTree = "<group>"; };
		B61DA07A22AC011700C875D8 /* start.mov */ = {isa = PBXFileReference; lastKnownFileType = video.quicktime; path = start.mov; sourceTree = "<group>"; };
		B61DA07C22ACBE6A00C875D8 /* select.json */ = {isa = PBXFileReference; fileEncoding = 4; lastKnownFileType = text.json; path = select.json; sourceTree = "<group>"; };
		B61DA07E22ACBE6A00C875D8 /* app.json */ = {isa = PBXFileReference; fileEncoding = 4; lastKnownFileType = text.json; path = app.json; sourceTree = "<group>"; };
		B61DA07F22ACBE6A00C875D8 /* use.json */ = {isa = PBXFileReference; fileEncoding = 4; lastKnownFileType = text.json; path = use.json; sourceTree = "<group>"; };
		B61DA08022ACBE6A00C875D8 /* busy.json */ = {isa = PBXFileReference; fileEncoding = 4; lastKnownFileType = text.json; path = busy.json; sourceTree = "<group>"; };
		B61DA08822ACC0F200C875D8 /* schedule.json */ = {isa = PBXFileReference; fileEncoding = 4; lastKnownFileType = text.json; path = schedule.json; sourceTree = "<group>"; };
		B61DA08A22ACC27E00C875D8 /* TimeTableViewController.swift */ = {isa = PBXFileReference; lastKnownFileType = sourcecode.swift; path = TimeTableViewController.swift; sourceTree = "<group>"; };
		B63EB36222B6179400960DF9 /* ConfigViewController.swift */ = {isa = PBXFileReference; lastKnownFileType = sourcecode.swift; path = ConfigViewController.swift; sourceTree = "<group>"; };
		B6ADD2F422C6481800F8B92B /* TodoListTableViewController.swift */ = {isa = PBXFileReference; lastKnownFileType = sourcecode.swift; path = TodoListTableViewController.swift; sourceTree = "<group>"; };
		B6ADD2F622C716B600F8B92B /* tabBarController.swift */ = {isa = PBXFileReference; lastKnownFileType = sourcecode.swift; path = tabBarController.swift; sourceTree = "<group>"; };
		B6B1562122B28B7600287149 /* CellViewController.swift */ = {isa = PBXFileReference; lastKnownFileType = sourcecode.swift; path = CellViewController.swift; sourceTree = "<group>"; };
/* End PBXFileReference section */

/* Begin PBXFrameworksBuildPhase section */
		B61DA05422ABE5C300C875D8 /* Frameworks */ = {
			isa = PBXFrameworksBuildPhase;
			buildActionMask = 2147483647;
			files = (
				AC26BBD2C73ECEBCA93EA1F6 /* Pods_newTableTimeApp.framework in Frameworks */,
			);
			runOnlyForDeploymentPostprocessing = 0;
		};
/* End PBXFrameworksBuildPhase section */

/* Begin PBXGroup section */
		873939D16740BC4757655F0D /* Pods */ = {
			isa = PBXGroup;
			children = (
				84B8C5CCED2FE88224E7D045 /* Pods-newTableTimeApp.debug.xcconfig */,
				9D02FB453E60D61DB330DC7C /* Pods-newTableTimeApp.release.xcconfig */,
			);
			path = Pods;
			sourceTree = "<group>";
		};
		8EC62AF30CD9854065B7D7E5 /* Frameworks */ = {
			isa = PBXGroup;
			children = (
				0892447B13629D350918F328 /* Pods_newTableTimeApp.framework */,
			);
			name = Frameworks;
			sourceTree = "<group>";
		};
		B61DA04E22ABE5C300C875D8 = {
			isa = PBXGroup;
			children = (
				B61DA05922ABE5C300C875D8 /* newTableTimeApp */,
				B61DA05822ABE5C300C875D8 /* Products */,
				873939D16740BC4757655F0D /* Pods */,
				8EC62AF30CD9854065B7D7E5 /* Frameworks */,
			);
			sourceTree = "<group>";
		};
		B61DA05822ABE5C300C875D8 /* Products */ = {
			isa = PBXGroup;
			children = (
				B61DA05722ABE5C300C875D8 /* newTableTimeApp.app */,
			);
			name = Products;
			sourceTree = "<group>";
		};
		B61DA05922ABE5C300C875D8 /* newTableTimeApp */ = {
			isa = PBXGroup;
			children = (
				B61DA07E22ACBE6A00C875D8 /* app.json */,
				B61DA08022ACBE6A00C875D8 /* busy.json */,
				B61DA07C22ACBE6A00C875D8 /* select.json */,
				B61DA08822ACC0F200C875D8 /* schedule.json */,
				B61585D822C104B6009FFA0E /* comment.json */,
				B61DA07F22ACBE6A00C875D8 /* use.json */,
				B61DA05A22ABE5C300C875D8 /* AppDelegate.swift */,
				B61DA08A22ACC27E00C875D8 /* TimeTableViewController.swift */,
				B61DA05C22ABE5C400C875D8 /* ViewController.swift */,
				B61DA07822AC00E600C875D8 /* StartViewController.swift */,
				B6B1562122B28B7600287149 /* CellViewController.swift */,
				B63EB36222B6179400960DF9 /* ConfigViewController.swift */,
				B61585C822BE607B009FFA0E /* CommentViewController.swift */,
				B61585D022BF520E009FFA0E /* CommentCellViewController.swift */,
				B61585D622C0C704009FFA0E /* CommentMakeViewController.swift */,
				B6ADD2F422C6481800F8B92B /* TodoListTableViewController.swift */,
				B6ADD2F622C716B600F8B92B /* tabBarController.swift */,
				B61585CA22BE6C1D009FFA0E /* Helper.swift */,
				B61DA05E22ABE5C400C875D8 /* Main.storyboard */,
				B61585D422C09C69009FFA0E /* Assets.xcassets */,
				B61DA07A22AC011700C875D8 /* start.mov */,
				B61DA06322ABE5C500C875D8 /* LaunchScreen.storyboard */,
				B61DA06622ABE5C500C875D8 /* Info.plist */,
				B61585D222BF5D19009FFA0E /* Settings.bundle */,
			);
			path = newTableTimeApp;
			sourceTree = "<group>";
		};
/* End PBXGroup section */

/* Begin PBXNativeTarget section */
		B61DA05622ABE5C300C875D8 /* newTableTimeApp */ = {
			isa = PBXNativeTarget;
			buildConfigurationList = B61DA06922ABE5C500C875D8 /* Build configuration list for PBXNativeTarget "newTableTimeApp" */;
			buildPhases = (
				D833282959F3942CFB363DE6 /* [CP] Check Pods Manifest.lock */,
				B61DA05322ABE5C300C875D8 /* Sources */,
				B61DA05422ABE5C300C875D8 /* Frameworks */,
				B61DA05522ABE5C300C875D8 /* Resources */,
				D11210DDA278737DE6A08D06 /* [CP] Embed Pods Frameworks */,
			);
			buildRules = (
			);
			dependencies = (
			);
			name = newTableTimeApp;
			productName = newTableTimeApp;
			productReference = B61DA05722ABE5C300C875D8 /* newTableTimeApp.app */;
			productType = "com.apple.product-type.application";
		};
/* End PBXNativeTarget section */

/* Begin PBXProject section */
		B61DA04F22ABE5C300C875D8 /* Project object */ = {
			isa = PBXProject;
			attributes = {
				LastSwiftUpdateCheck = 1020;
				LastUpgradeCheck = 1020;
				ORGANIZATIONNAME = "Yuki Sato";
				TargetAttributes = {
					B61DA05622ABE5C300C875D8 = {
						CreatedOnToolsVersion = 10.2.1;
					};
				};
			};
			buildConfigurationList = B61DA05222ABE5C300C875D8 /* Build configuration list for PBXProject "newTableTimeApp" */;
			compatibilityVersion = "Xcode 9.3";
			developmentRegion = en;
			hasScannedForEncodings = 0;
			knownRegions = (
				en,
				Base,
			);
			mainGroup = B61DA04E22ABE5C300C875D8;
			productRefGroup = B61DA05822ABE5C300C875D8 /* Products */;
			projectDirPath = "";
			projectRoot = "";
			targets = (
				B61DA05622ABE5C300C875D8 /* newTableTimeApp */,
			);
		};
/* End PBXProject section */

/* Begin PBXResourcesBuildPhase section */
		B61DA05522ABE5C300C875D8 /* Resources */ = {
			isa = PBXResourcesBuildPhase;
			buildActionMask = 2147483647;
			files = (
				B61DA07B22AC011700C875D8 /* start.mov in Resources */,
				B61DA06522ABE5C500C875D8 /* LaunchScreen.storyboard in Resources */,
				B61585D322BF5D19009FFA0E /* Settings.bundle in Resources */,
				B61DA08422ACBE6B00C875D8 /* use.json in Resources */,
				B61585D522C09C69009FFA0E /* Assets.xcassets in Resources */,
				B61DA08322ACBE6B00C875D8 /* app.json in Resources */,
				B61DA08122ACBE6B00C875D8 /* select.json in Resources */,
				B61DA08522ACBE6B00C875D8 /* busy.json in Resources */,
				B61DA06022ABE5C400C875D8 /* Main.storyboard in Resources */,
				B61585D922C104B6009FFA0E /* comment.json in Resources */,
				B61DA08922ACC0F200C875D8 /* schedule.json in Resources */,
			);
			runOnlyForDeploymentPostprocessing = 0;
		};
/* End PBXResourcesBuildPhase section */

/* Begin PBXShellScriptBuildPhase section */
		D11210DDA278737DE6A08D06 /* [CP] Embed Pods Frameworks */ = {
			isa = PBXShellScriptBuildPhase;
			buildActionMask = 2147483647;
			files = (
			);
			inputFileListPaths = (
			);
			inputPaths = (
				"${PODS_ROOT}/Target Support Files/Pods-newTableTimeApp/Pods-newTableTimeApp-frameworks.sh",
				"${BUILT_PRODUCTS_DIR}/Cosmos/Cosmos.framework",
				"${BUILT_PRODUCTS_DIR}/lottie-ios/Lottie.framework",
			);
			name = "[CP] Embed Pods Frameworks";
			outputFileListPaths = (
			);
			outputPaths = (
				"${TARGET_BUILD_DIR}/${FRAMEWORKS_FOLDER_PATH}/Cosmos.framework",
				"${TARGET_BUILD_DIR}/${FRAMEWORKS_FOLDER_PATH}/Lottie.framework",
			);
			runOnlyForDeploymentPostprocessing = 0;
			shellPath = /bin/sh;
			shellScript = "\"${PODS_ROOT}/Target Support Files/Pods-newTableTimeApp/Pods-newTableTimeApp-frameworks.sh\"\n";
			showEnvVarsInLog = 0;
		};
		D833282959F3942CFB363DE6 /* [CP] Check Pods Manifest.lock */ = {
			isa = PBXShellScriptBuildPhase;
			buildActionMask = 2147483647;
			files = (
			);
			inputFileListPaths = (
			);
			inputPaths = (
				"${PODS_PODFILE_DIR_PATH}/Podfile.lock",
				"${PODS_ROOT}/Manifest.lock",
			);
			name = "[CP] Check Pods Manifest.lock";
			outputFileListPaths = (
			);
			outputPaths = (
				"$(DERIVED_FILE_DIR)/Pods-newTableTimeApp-checkManifestLockResult.txt",
			);
			runOnlyForDeploymentPostprocessing = 0;
			shellPath = /bin/sh;
			shellScript = "diff \"${PODS_PODFILE_DIR_PATH}/Podfile.lock\" \"${PODS_ROOT}/Manifest.lock\" > /dev/null\nif [ $? != 0 ] ; then\n    # print error to STDERR\n    echo \"error: The sandbox is not in sync with the Podfile.lock. Run 'pod install' or update your CocoaPods installation.\" >&2\n    exit 1\nfi\n# This output is used by Xcode 'outputs' to avoid re-running this script phase.\necho \"SUCCESS\" > \"${SCRIPT_OUTPUT_FILE_0}\"\n";
			showEnvVarsInLog = 0;
		};
/* End PBXShellScriptBuildPhase section */

/* Begin PBXSourcesBuildPhase section */
		B61DA05322ABE5C300C875D8 /* Sources */ = {
			isa = PBXSourcesBuildPhase;
			buildActionMask = 2147483647;
			files = (
				B61585D722C0C704009FFA0E /* CommentMakeViewController.swift in Sources */,
				B6ADD2F722C716B600F8B92B /* tabBarController.swift in Sources */,
				B61585C922BE607B009FFA0E /* CommentViewController.swift in Sources */,
				B6B1562222B28B7600287149 /* CellViewController.swift in Sources */,
				B6ADD2F522C6481800F8B92B /* TodoListTableViewController.swift in Sources */,
				B61DA07922AC00E600C875D8 /* StartViewController.swift in Sources */,
				B63EB36322B6179400960DF9 /* ConfigViewController.swift in Sources */,
				B61DA05D22ABE5C400C875D8 /* ViewController.swift in Sources */,
				B61DA08B22ACC27E00C875D8 /* TimeTableViewController.swift in Sources */,
				B61585D122BF520E009FFA0E /* CommentCellViewController.swift in Sources */,
				B61DA05B22ABE5C300C875D8 /* AppDelegate.swift in Sources */,
				B61585CB22BE6C1D009FFA0E /* Helper.swift in Sources */,
			);
			runOnlyForDeploymentPostprocessing = 0;
		};
/* End PBXSourcesBuildPhase section */

/* Begin PBXVariantGroup section */
		B61DA05E22ABE5C400C875D8 /* Main.storyboard */ = {
			isa = PBXVariantGroup;
			children = (
				B61DA05F22ABE5C400C875D8 /* Base */,
			);
			name = Main.storyboard;
			sourceTree = "<group>";
		};
		B61DA06322ABE5C500C875D8 /* LaunchScreen.storyboard */ = {
			isa = PBXVariantGroup;
			children = (
				B61DA06422ABE5C500C875D8 /* Base */,
			);
			name = LaunchScreen.storyboard;
			sourceTree = "<group>";
		};
/* End PBXVariantGroup section */

/* Begin XCBuildConfiguration section */
		B61DA06722ABE5C500C875D8 /* Debug */ = {
			isa = XCBuildConfiguration;
			buildSettings = {
				ALWAYS_SEARCH_USER_PATHS = NO;
				CLANG_ANALYZER_NONNULL = YES;
				CLANG_ANALYZER_NUMBER_OBJECT_CONVERSION = YES_AGGRESSIVE;
				CLANG_CXX_LANGUAGE_STANDARD = "gnu++14";
				CLANG_CXX_LIBRARY = "libc++";
				CLANG_ENABLE_MODULES = YES;
				CLANG_ENABLE_OBJC_ARC = YES;
				CLANG_ENABLE_OBJC_WEAK = YES;
				CLANG_WARN_BLOCK_CAPTURE_AUTORELEASING = YES;
				CLANG_WARN_BOOL_CONVERSION = YES;
				CLANG_WARN_COMMA = YES;
				CLANG_WARN_CONSTANT_CONVERSION = YES;
				CLANG_WARN_DEPRECATED_OBJC_IMPLEMENTATIONS = YES;
				CLANG_WARN_DIRECT_OBJC_ISA_USAGE = YES_ERROR;
				CLANG_WARN_DOCUMENTATION_COMMENTS = YES;
				CLANG_WARN_EMPTY_BODY = YES;
				CLANG_WARN_ENUM_CONVERSION = YES;
				CLANG_WARN_INFINITE_RECURSION = YES;
				CLANG_WARN_INT_CONVERSION = YES;
				CLANG_WARN_NON_LITERAL_NULL_CONVERSION = YES;
				CLANG_WARN_OBJC_IMPLICIT_RETAIN_SELF = YES;
				CLANG_WARN_OBJC_LITERAL_CONVERSION = YES;
				CLANG_WARN_OBJC_ROOT_CLASS = YES_ERROR;
				CLANG_WARN_RANGE_LOOP_ANALYSIS = YES;
				CLANG_WARN_STRICT_PROTOTYPES = YES;
				CLANG_WARN_SUSPICIOUS_MOVE = YES;
				CLANG_WARN_UNGUARDED_AVAILABILITY = YES_AGGRESSIVE;
				CLANG_WARN_UNREACHABLE_CODE = YES;
				CLANG_WARN__DUPLICATE_METHOD_MATCH = YES;
				CODE_SIGN_IDENTITY = "iPhone Developer";
				COPY_PHASE_STRIP = NO;
				DEBUG_INFORMATION_FORMAT = dwarf;
				ENABLE_STRICT_OBJC_MSGSEND = YES;
				ENABLE_TESTABILITY = YES;
				GCC_C_LANGUAGE_STANDARD = gnu11;
				GCC_DYNAMIC_NO_PIC = NO;
				GCC_NO_COMMON_BLOCKS = YES;
				GCC_OPTIMIZATION_LEVEL = 0;
				GCC_PREPROCESSOR_DEFINITIONS = (
					"DEBUG=1",
					"$(inherited)",
				);
				GCC_WARN_64_TO_32_BIT_CONVERSION = YES;
				GCC_WARN_ABOUT_RETURN_TYPE = YES_ERROR;
				GCC_WARN_UNDECLARED_SELECTOR = YES;
				GCC_WARN_UNINITIALIZED_AUTOS = YES_AGGRESSIVE;
				GCC_WARN_UNUSED_FUNCTION = YES;
				GCC_WARN_UNUSED_VARIABLE = YES;
				IPHONEOS_DEPLOYMENT_TARGET = 11.0;
				MTL_ENABLE_DEBUG_INFO = INCLUDE_SOURCE;
				MTL_FAST_MATH = YES;
				ONLY_ACTIVE_ARCH = YES;
				SDKROOT = iphoneos;
				SWIFT_ACTIVE_COMPILATION_CONDITIONS = DEBUG;
				SWIFT_OPTIMIZATION_LEVEL = "-Onone";
			};
			name = Debug;
		};
		B61DA06822ABE5C500C875D8 /* Release */ = {
			isa = XCBuildConfiguration;
			buildSettings = {
				ALWAYS_SEARCH_USER_PATHS = NO;
				CLANG_ANALYZER_NONNULL = YES;
				CLANG_ANALYZER_NUMBER_OBJECT_CONVERSION = YES_AGGRESSIVE;
				CLANG_CXX_LANGUAGE_STANDARD = "gnu++14";
				CLANG_CXX_LIBRARY = "libc++";
				CLANG_ENABLE_MODULES = YES;
				CLANG_ENABLE_OBJC_ARC = YES;
				CLANG_ENABLE_OBJC_WEAK = YES;
				CLANG_WARN_BLOCK_CAPTURE_AUTORELEASING = YES;
				CLANG_WARN_BOOL_CONVERSION = YES;
				CLANG_WARN_COMMA = YES;
				CLANG_WARN_CONSTANT_CONVERSION = YES;
				CLANG_WARN_DEPRECATED_OBJC_IMPLEMENTATIONS = YES;
				CLANG_WARN_DIRECT_OBJC_ISA_USAGE = YES_ERROR;
				CLANG_WARN_DOCUMENTATION_COMMENTS = YES;
				CLANG_WARN_EMPTY_BODY = YES;
				CLANG_WARN_ENUM_CONVERSION = YES;
				CLANG_WARN_INFINITE_RECURSION = YES;
				CLANG_WARN_INT_CONVERSION = YES;
				CLANG_WARN_NON_LITERAL_NULL_CONVERSION = YES;
				CLANG_WARN_OBJC_IMPLICIT_RETAIN_SELF = YES;
				CLANG_WARN_OBJC_LITERAL_CONVERSION = YES;
				CLANG_WARN_OBJC_ROOT_CLASS = YES_ERROR;
				CLANG_WARN_RANGE_LOOP_ANALYSIS = YES;
				CLANG_WARN_STRICT_PROTOTYPES = YES;
				CLANG_WARN_SUSPICIOUS_MOVE = YES;
				CLANG_WARN_UNGUARDED_AVAILABILITY = YES_AGGRESSIVE;
				CLANG_WARN_UNREACHABLE_CODE = YES;
				CLANG_WARN__DUPLICATE_METHOD_MATCH = YES;
				CODE_SIGN_IDENTITY = "iPhone Developer";
				COPY_PHASE_STRIP = NO;
				DEBUG_INFORMATION_FORMAT = "dwarf-with-dsym";
				ENABLE_NS_ASSERTIONS = NO;
				ENABLE_STRICT_OBJC_MSGSEND = YES;
				GCC_C_LANGUAGE_STANDARD = gnu11;
				GCC_NO_COMMON_BLOCKS = YES;
				GCC_WARN_64_TO_32_BIT_CONVERSION = YES;
				GCC_WARN_ABOUT_RETURN_TYPE = YES_ERROR;
				GCC_WARN_UNDECLARED_SELECTOR = YES;
				GCC_WARN_UNINITIALIZED_AUTOS = YES_AGGRESSIVE;
				GCC_WARN_UNUSED_FUNCTION = YES;
				GCC_WARN_UNUSED_VARIABLE = YES;
				IPHONEOS_DEPLOYMENT_TARGET = 11.0;
				MTL_ENABLE_DEBUG_INFO = NO;
				MTL_FAST_MATH = YES;
				SDKROOT = iphoneos;
				SWIFT_COMPILATION_MODE = wholemodule;
				SWIFT_OPTIMIZATION_LEVEL = "-O";
				VALIDATE_PRODUCT = YES;
			};
			name = Release;
		};
		B61DA06A22ABE5C500C875D8 /* Debug */ = {
			isa = XCBuildConfiguration;
			baseConfigurationReference = 84B8C5CCED2FE88224E7D045 /* Pods-newTableTimeApp.debug.xcconfig */;
			buildSettings = {
				ASSETCATALOG_COMPILER_APPICON_NAME = AppIcon;
				CODE_SIGN_STYLE = Automatic;
				DEVELOPMENT_TEAM = 3UMWU76MGZ;
				INFOPLIST_FILE = newTableTimeApp/Info.plist;
				IPHONEOS_DEPLOYMENT_TARGET = 11.0;
				LD_RUNPATH_SEARCH_PATHS = (
					"$(inherited)",
					"@executable_path/Frameworks",
				);
				PRODUCT_BUNDLE_IDENTIFIER = "https---my-portfolio-styk.herokuapp.com-.newTableTimeApp";
				PRODUCT_NAME = "$(TARGET_NAME)";
				SWIFT_VERSION = 5.0;
				TARGETED_DEVICE_FAMILY = 1;
			};
			name = Debug;
		};
		B61DA06B22ABE5C500C875D8 /* Release */ = {
			isa = XCBuildConfiguration;
			baseConfigurationReference = 9D02FB453E60D61DB330DC7C /* Pods-newTableTimeApp.release.xcconfig */;
			buildSettings = {
				ASSETCATALOG_COMPILER_APPICON_NAME = AppIcon;
				CODE_SIGN_STYLE = Automatic;
				DEVELOPMENT_TEAM = 3UMWU76MGZ;
				INFOPLIST_FILE = newTableTimeApp/Info.plist;
				IPHONEOS_DEPLOYMENT_TARGET = 11.0;
				LD_RUNPATH_SEARCH_PATHS = (
					"$(inherited)",
					"@executable_path/Frameworks",
				);
				PRODUCT_BUNDLE_IDENTIFIER = "https---my-portfolio-styk.herokuapp.com-.newTableTimeApp";
				PRODUCT_NAME = "$(TARGET_NAME)";
				SWIFT_VERSION = 5.0;
				TARGETED_DEVICE_FAMILY = 1;
			};
			name = Release;
		};
/* End XCBuildConfiguration section */

/* Begin XCConfigurationList section */
		B61DA05222ABE5C300C875D8 /* Build configuration list for PBXProject "newTableTimeApp" */ = {
			isa = XCConfigurationList;
			buildConfigurations = (
				B61DA06722ABE5C500C875D8 /* Debug */,
				B61DA06822ABE5C500C875D8 /* Release */,
			);
			defaultConfigurationIsVisible = 0;
			defaultConfigurationName = Release;
		};
		B61DA06922ABE5C500C875D8 /* Build configuration list for PBXNativeTarget "newTableTimeApp" */ = {
			isa = XCConfigurationList;
			buildConfigurations = (
				B61DA06A22ABE5C500C875D8 /* Debug */,
				B61DA06B22ABE5C500C875D8 /* Release */,
			);
			defaultConfigurationIsVisible = 0;
			defaultConfigurationName = Release;
		};
/* End XCConfigurationList section */
	};
	rootObject = B61DA04F22ABE5C300C875D8 /* Project object */;
}
